
Microsoft Visual Studio Solution File, Format Version 12.00
# Visual Studio 14
VisualStudioVersion = 14.0.23107.0
MinimumVisualStudioVersion = 10.0.40219.1
Project("{FAE04EC0-301F-11D3-BF4B-00C04F79EFBC}") = "Algorithms", "Algorithms\Algorithms.csproj", "{C2500A02-0321-4E2A-9D02-CC4B30A64853}"
EndProject
Project("{FAE04EC0-301F-11D3-BF4B-00C04F79EFBC}") = "Tests", "Tests\Tests.csproj", "{2353215E-FCA1-4EF0-9402-5CDC05BE0F23}"
EndProject
Project("{2150E333-8FDC-42A3-9474-1A3956D46DE8}") = "CodeForces", "CodeForces", "{77B1656D-B1D8-431E-A9AA-FBBF91DA8768}"
EndProject
Project("{8BC9CEB8-8B4A-11D0-8D11-00A0C91BC942}") = "670D1 - Magic Powder - 1", "CodeForces\670D1 - Magic Powder - 1\670D1 - Magic Powder - 1.vcxproj", "{78342710-E355-41CF-8722-893252A950D5}"
EndProject
Project("{8BC9CEB8-8B4A-11D0-8D11-00A0C91BC942}") = "670D2 - Magic Powder - 2", "CodeForces\670D2 - Magic Powder - 2\670D2 - Magic Powder - 2.vcxproj", "{4C718E28-0765-43A2-B600-21BEEBE4565B}"
EndProject
Project("{8BC9CEB8-8B4A-11D0-8D11-00A0C91BC942}") = "670A - Holidays", "CodeForces\670A - Holidays\670A - Holidays.vcxproj", "{BF68FEBB-0F77-4C2D-845D-70BBC105C52C}"
EndProject
Project("{8BC9CEB8-8B4A-11D0-8D11-00A0C91BC942}") = "670B - Game of Robots", "CodeForces\670B - Game of Robots\670B - Game of Robots.vcxproj", "{30AF625E-54CB-4562-AECE-B4A2410C79C4}"
EndProject
Project("{2150E333-8FDC-42A3-9474-1A3956D46DE8}") = "Common Problems", "Common Problems", "{73BD1615-631B-46ED-AC74-DAB4D305D0FD}"
EndProject
Project("{8BC9CEB8-8B4A-11D0-8D11-00A0C91BC942}") = "InversionCount", "Common Problems\InversionCount\InversionCount.vcxproj", "{8858A001-1E9E-4AF3-AFD9-6F639F6243CC}"
EndProject
Project("{8BC9CEB8-8B4A-11D0-8D11-00A0C91BC942}") = "SortLinkedList", "Common Problems\SortLinkedList\SortLinkedList.vcxproj", "{C4424DEA-6215-40A2-BDAC-C0C12D4EAB92}"
EndProject
Global
	GlobalSection(SolutionConfigurationPlatforms) = preSolution
		Debug|Any CPU = Debug|Any CPU
		Debug|x64 = Debug|x64
		Debug|x86 = Debug|x86
		Release|Any CPU = Release|Any CPU
		Release|x64 = Release|x64
		Release|x86 = Release|x86
	EndGlobalSection
	GlobalSection(ProjectConfigurationPlatforms) = postSolution
		{C2500A02-0321-4E2A-9D02-CC4B30A64853}.Debug|Any CPU.ActiveCfg = Debug|Any CPU
		{C2500A02-0321-4E2A-9D02-CC4B30A64853}.Debug|Any CPU.Build.0 = Debug|Any CPU
		{C2500A02-0321-4E2A-9D02-CC4B30A64853}.Debug|x64.ActiveCfg = Debug|Any CPU
		{C2500A02-0321-4E2A-9D02-CC4B30A64853}.Debug|x64.Build.0 = Debug|Any CPU
		{C2500A02-0321-4E2A-9D02-CC4B30A64853}.Debug|x86.ActiveCfg = Debug|Any CPU
		{C2500A02-0321-4E2A-9D02-CC4B30A64853}.Debug|x86.Build.0 = Debug|Any CPU
		{C2500A02-0321-4E2A-9D02-CC4B30A64853}.Release|Any CPU.ActiveCfg = Release|Any CPU
		{C2500A02-0321-4E2A-9D02-CC4B30A64853}.Release|Any CPU.Build.0 = Release|Any CPU
		{C2500A02-0321-4E2A-9D02-CC4B30A64853}.Release|x64.ActiveCfg = Release|Any CPU
		{C2500A02-0321-4E2A-9D02-CC4B30A64853}.Release|x64.Build.0 = Release|Any CPU
		{C2500A02-0321-4E2A-9D02-CC4B30A64853}.Release|x86.ActiveCfg = Release|Any CPU
		{C2500A02-0321-4E2A-9D02-CC4B30A64853}.Release|x86.Build.0 = Release|Any CPU
		{2353215E-FCA1-4EF0-9402-5CDC05BE0F23}.Debug|Any CPU.ActiveCfg = Debug|Any CPU
		{2353215E-FCA1-4EF0-9402-5CDC05BE0F23}.Debug|Any CPU.Build.0 = Debug|Any CPU
		{2353215E-FCA1-4EF0-9402-5CDC05BE0F23}.Debug|x64.ActiveCfg = Debug|Any CPU
		{2353215E-FCA1-4EF0-9402-5CDC05BE0F23}.Debug|x64.Build.0 = Debug|Any CPU
		{2353215E-FCA1-4EF0-9402-5CDC05BE0F23}.Debug|x86.ActiveCfg = Debug|Any CPU
		{2353215E-FCA1-4EF0-9402-5CDC05BE0F23}.Debug|x86.Build.0 = Debug|Any CPU
		{2353215E-FCA1-4EF0-9402-5CDC05BE0F23}.Release|Any CPU.ActiveCfg = Release|Any CPU
		{2353215E-FCA1-4EF0-9402-5CDC05BE0F23}.Release|Any CPU.Build.0 = Release|Any CPU
		{2353215E-FCA1-4EF0-9402-5CDC05BE0F23}.Release|x64.ActiveCfg = Release|Any CPU
		{2353215E-FCA1-4EF0-9402-5CDC05BE0F23}.Release|x64.Build.0 = Release|Any CPU
		{2353215E-FCA1-4EF0-9402-5CDC05BE0F23}.Release|x86.ActiveCfg = Release|Any CPU
		{2353215E-FCA1-4EF0-9402-5CDC05BE0F23}.Release|x86.Build.0 = Release|Any CPU
		{78342710-E355-41CF-8722-893252A950D5}.Debug|Any CPU.ActiveCfg = Debug|Win32
		{78342710-E355-41CF-8722-893252A950D5}.Debug|x64.ActiveCfg = Debug|x64
		{78342710-E355-41CF-8722-893252A950D5}.Debug|x64.Build.0 = Debug|x64
		{78342710-E355-41CF-8722-893252A950D5}.Debug|x86.ActiveCfg = Debug|Win32
		{78342710-E355-41CF-8722-893252A950D5}.Debug|x86.Build.0 = Debug|Win32
		{78342710-E355-41CF-8722-893252A950D5}.Release|Any CPU.ActiveCfg = Release|Win32
		{78342710-E355-41CF-8722-893252A950D5}.Release|x64.ActiveCfg = Release|x64
		{78342710-E355-41CF-8722-893252A950D5}.Release|x64.Build.0 = Release|x64
		{78342710-E355-41CF-8722-893252A950D5}.Release|x86.ActiveCfg = Release|Win32
		{78342710-E355-41CF-8722-893252A950D5}.Release|x86.Build.0 = Release|Win32
		{4C718E28-0765-43A2-B600-21BEEBE4565B}.Debug|Any CPU.ActiveCfg = Debug|Win32
		{4C718E28-0765-43A2-B600-21BEEBE4565B}.Debug|x64.ActiveCfg = Debug|x64
		{4C718E28-0765-43A2-B600-21BEEBE4565B}.Debug|x64.Build.0 = Debug|x64
		{4C718E28-0765-43A2-B600-21BEEBE4565B}.Debug|x86.ActiveCfg = Debug|Win32
		{4C718E28-0765-43A2-B600-21BEEBE4565B}.Debug|x86.Build.0 = Debug|Win32
		{4C718E28-0765-43A2-B600-21BEEBE4565B}.Release|Any CPU.ActiveCfg = Release|Win32
		{4C718E28-0765-43A2-B600-21BEEBE4565B}.Release|x64.ActiveCfg = Release|x64
		{4C718E28-0765-43A2-B600-21BEEBE4565B}.Release|x64.Build.0 = Release|x64
		{4C718E28-0765-43A2-B600-21BEEBE4565B}.Release|x86.ActiveCfg = Release|Win32
		{4C718E28-0765-43A2-B600-21BEEBE4565B}.Release|x86.Build.0 = Release|Win32
		{BF68FEBB-0F77-4C2D-845D-70BBC105C52C}.Debug|Any CPU.ActiveCfg = Debug|Win32
		{BF68FEBB-0F77-4C2D-845D-70BBC105C52C}.Debug|x64.ActiveCfg = Debug|x64
		{BF68FEBB-0F77-4C2D-845D-70BBC105C52C}.Debug|x64.Build.0 = Debug|x64
		{BF68FEBB-0F77-4C2D-845D-70BBC105C52C}.Debug|x86.ActiveCfg = Debug|Win32
		{BF68FEBB-0F77-4C2D-845D-70BBC105C52C}.Debug|x86.Build.0 = Debug|Win32
		{BF68FEBB-0F77-4C2D-845D-70BBC105C52C}.Release|Any CPU.ActiveCfg = Release|Win32
		{BF68FEBB-0F77-4C2D-845D-70BBC105C52C}.Release|x64.ActiveCfg = Release|x64
		{BF68FEBB-0F77-4C2D-845D-70BBC105C52C}.Release|x64.Build.0 = Release|x64
		{BF68FEBB-0F77-4C2D-845D-70BBC105C52C}.Release|x86.ActiveCfg = Release|Win32
		{BF68FEBB-0F77-4C2D-845D-70BBC105C52C}.Release|x86.Build.0 = Release|Win32
		{30AF625E-54CB-4562-AECE-B4A2410C79C4}.Debug|Any CPU.ActiveCfg = Debug|Win32
		{30AF625E-54CB-4562-AECE-B4A2410C79C4}.Debug|x64.ActiveCfg = Debug|x64
		{30AF625E-54CB-4562-AECE-B4A2410C79C4}.Debug|x64.Build.0 = Debug|x64
		{30AF625E-54CB-4562-AECE-B4A2410C79C4}.Debug|x86.ActiveCfg = Debug|Win32
		{30AF625E-54CB-4562-AECE-B4A2410C79C4}.Debug|x86.Build.0 = Debug|Win32
		{30AF625E-54CB-4562-AECE-B4A2410C79C4}.Release|Any CPU.ActiveCfg = Release|Win32
		{30AF625E-54CB-4562-AECE-B4A2410C79C4}.Release|x64.ActiveCfg = Release|x64
		{30AF625E-54CB-4562-AECE-B4A2410C79C4}.Release|x64.Build.0 = Release|x64
		{30AF625E-54CB-4562-AECE-B4A2410C79C4}.Release|x86.ActiveCfg = Release|Win32
		{30AF625E-54CB-4562-AECE-B4A2410C79C4}.Release|x86.Build.0 = Release|Win32
		{8858A001-1E9E-4AF3-AFD9-6F639F6243CC}.Debug|Any CPU.ActiveCfg = Debug|Win32
		{8858A001-1E9E-4AF3-AFD9-6F639F6243CC}.Debug|x64.ActiveCfg = Debug|x64
		{8858A001-1E9E-4AF3-AFD9-6F639F6243CC}.Debug|x64.Build.0 = Debug|x64
		{8858A001-1E9E-4AF3-AFD9-6F639F6243CC}.Debug|x86.ActiveCfg = Debug|Win32
		{8858A001-1E9E-4AF3-AFD9-6F639F6243CC}.Debug|x86.Build.0 = Debug|Win32
		{8858A001-1E9E-4AF3-AFD9-6F639F6243CC}.Release|Any CPU.ActiveCfg = Release|Win32
		{8858A001-1E9E-4AF3-AFD9-6F639F6243CC}.Release|x64.ActiveCfg = Release|x64
		{8858A001-1E9E-4AF3-AFD9-6F639F6243CC}.Release|x64.Build.0 = Release|x64
		{8858A001-1E9E-4AF3-AFD9-6F639F6243CC}.Release|x86.ActiveCfg = Release|Win32
		{8858A001-1E9E-4AF3-AFD9-6F639F6243CC}.Release|x86.Build.0 = Release|Win32
		{C4424DEA-6215-40A2-BDAC-C0C12D4EAB92}.Debug|Any CPU.ActiveCfg = Debug|Win32
		{C4424DEA-6215-40A2-BDAC-C0C12D4EAB92}.Debug|x64.ActiveCfg = Debug|x64
		{C4424DEA-6215-40A2-BDAC-C0C12D4EAB92}.Debug|x64.Build.0 = Debug|x64
		{C4424DEA-6215-40A2-BDAC-C0C12D4EAB92}.Debug|x86.ActiveCfg = Debug|Win32
		{C4424DEA-6215-40A2-BDAC-C0C12D4EAB92}.Debug|x86.Build.0 = Debug|Win32
		{C4424DEA-6215-40A2-BDAC-C0C12D4EAB92}.Release|Any CPU.ActiveCfg = Release|Win32
		{C4424DEA-6215-40A2-BDAC-C0C12D4EAB92}.Release|x64.ActiveCfg = Release|x64
		{C4424DEA-6215-40A2-BDAC-C0C12D4EAB92}.Release|x64.Build.0 = Release|x64
		{C4424DEA-6215-40A2-BDAC-C0C12D4EAB92}.Release|x86.ActiveCfg = Release|Win32
		{C4424DEA-6215-40A2-BDAC-C0C12D4EAB92}.Release|x86.Build.0 = Release|Win32
	EndGlobalSection
	GlobalSection(SolutionProperties) = preSolution
		HideSolutionNode = FALSE
	EndGlobalSection
	GlobalSection(NestedProjects) = preSolution
		{78342710-E355-41CF-8722-893252A950D5} = {77B1656D-B1D8-431E-A9AA-FBBF91DA8768}
		{4C718E28-0765-43A2-B600-21BEEBE4565B} = {77B1656D-B1D8-431E-A9AA-FBBF91DA8768}
		{BF68FEBB-0F77-4C2D-845D-70BBC105C52C} = {77B1656D-B1D8-431E-A9AA-FBBF91DA8768}
		{30AF625E-54CB-4562-AECE-B4A2410C79C4} = {77B1656D-B1D8-431E-A9AA-FBBF91DA8768}
		{8858A001-1E9E-4AF3-AFD9-6F639F6243CC} = {73BD1615-631B-46ED-AC74-DAB4D305D0FD}
		{C4424DEA-6215-40A2-BDAC-C0C12D4EAB92} = {73BD1615-631B-46ED-AC74-DAB4D305D0FD}
	EndGlobalSection
EndGlobal
