
Microsoft Visual Studio Solution File, Format Version 12.00
# Visual Studio 14
VisualStudioVersion = 14.0.23107.0
MinimumVisualStudioVersion = 10.0.40219.1
Project("{FAE04EC0-301F-11D3-BF4B-00C04F79EFBC}") = "Algorithms", "Algorithms\Algorithms.csproj", "{C2500A02-0321-4E2A-9D02-CC4B30A64853}"
EndProject
Project("{FAE04EC0-301F-11D3-BF4B-00C04F79EFBC}") = "Tests", "Tests\Tests.csproj", "{2353215E-FCA1-4EF0-9402-5CDC05BE0F23}"
EndProject
Project("{2150E333-8FDC-42A3-9474-1A3956D46DE8}") = "CodeForces", "CodeForces", "{77B1656D-B1D8-431E-A9AA-FBBF91DA8768}"
EndProject
Project("{8BC9CEB8-8B4A-11D0-8D11-00A0C91BC942}") = "670D1 - Magic Powder - 1", "CodeForces\670D1 - Magic Powder - 1\670D1 - Magic Powder - 1.vcxproj", "{78342710-E355-41CF-8722-893252A950D5}"
EndProject
Project("{8BC9CEB8-8B4A-11D0-8D11-00A0C91BC942}") = "670D2 - Magic Powder - 2", "CodeForces\670D2 - Magic Powder - 2\670D2 - Magic Powder - 2.vcxproj", "{4C718E28-0765-43A2-B600-21BEEBE4565B}"
EndProject
Project("{8BC9CEB8-8B4A-11D0-8D11-00A0C91BC942}") = "670A - Holidays", "CodeForces\670A - Holidays\670A - Holidays.vcxproj", "{BF68FEBB-0F77-4C2D-845D-70BBC105C52C}"
EndProject
Project("{8BC9CEB8-8B4A-11D0-8D11-00A0C91BC942}") = "670B - Game of Robots", "CodeForces\670B - Game of Robots\670B - Game of Robots.vcxproj", "{30AF625E-54CB-4562-AECE-B4A2410C79C4}"
EndProject
Project("{2150E333-8FDC-42A3-9474-1A3956D46DE8}") = "Common Problems", "Common Problems", "{73BD1615-631B-46ED-AC74-DAB4D305D0FD}"
EndProject
Project("{8BC9CEB8-8B4A-11D0-8D11-00A0C91BC942}") = "InversionCount", "Common Problems\InversionCount\InversionCount.vcxproj", "{8858A001-1E9E-4AF3-AFD9-6F639F6243CC}"
EndProject
Project("{8BC9CEB8-8B4A-11D0-8D11-00A0C91BC942}") = "SortLinkedList", "Common Problems\SortLinkedList\SortLinkedList.vcxproj", "{C4424DEA-6215-40A2-BDAC-C0C12D4EAB92}"
EndProject
Project("{8BC9CEB8-8B4A-11D0-8D11-00A0C91BC942}") = "SortCircularLinkedList", "Common Problems\SortCircularLinkedList\SortCircularLinkedList.vcxproj", "{F0010A9C-469A-4C5F-B0CE-0E5151E97049}"
EndProject
Project("{8BC9CEB8-8B4A-11D0-8D11-00A0C91BC942}") = "670C - Cinema", "CodeForces\670C - Cinema\670C - Cinema.vcxproj", "{BA6989CF-5566-4509-A715-B944B387E980}"
EndProject
Project("{8BC9CEB8-8B4A-11D0-8D11-00A0C91BC942}") = "652A - Gabriel and Caterpillar", "CodeForces\652A - Gabriel and Caterpillar\652A - Gabriel and Caterpillar.vcxproj", "{F138563F-38EC-40CC-8888-DB673C40CD0A}"
EndProject
Project("{8BC9CEB8-8B4A-11D0-8D11-00A0C91BC942}") = "InfixPostfix", "Common Problems\InfixPostfix\InfixPostfix.vcxproj", "{3BD0D740-40ED-4468-82A9-7E60A59ECE19}"
EndProject
Project("{8BC9CEB8-8B4A-11D0-8D11-00A0C91BC942}") = "652B - z-sort", "CodeForces\652B - z-sort\652B - z-sort.vcxproj", "{B0CE55F0-8016-4F43-8FE7-268701B1D6F1}"
EndProject
Project("{8BC9CEB8-8B4A-11D0-8D11-00A0C91BC942}") = "BalancedParentheses", "Common Problems\BalancedParentheses\BalancedParentheses.vcxproj", "{3F7599BF-15F8-4F2B-9BF2-DF8D31FCD2ED}"
EndProject
Global
	GlobalSection(SolutionConfigurationPlatforms) = preSolution
		Debug|Any CPU = Debug|Any CPU
		Debug|x64 = Debug|x64
		Debug|x86 = Debug|x86
		Release|Any CPU = Release|Any CPU
		Release|x64 = Release|x64
		Release|x86 = Release|x86
	EndGlobalSection
	GlobalSection(ProjectConfigurationPlatforms) = postSolution
		{C2500A02-0321-4E2A-9D02-CC4B30A64853}.Debug|Any CPU.ActiveCfg = Debug|Any CPU
		{C2500A02-0321-4E2A-9D02-CC4B30A64853}.Debug|Any CPU.Build.0 = Debug|Any CPU
		{C2500A02-0321-4E2A-9D02-CC4B30A64853}.Debug|x64.ActiveCfg = Debug|Any CPU
		{C2500A02-0321-4E2A-9D02-CC4B30A64853}.Debug|x64.Build.0 = Debug|Any CPU
		{C2500A02-0321-4E2A-9D02-CC4B30A64853}.Debug|x86.ActiveCfg = Debug|Any CPU
		{C2500A02-0321-4E2A-9D02-CC4B30A64853}.Debug|x86.Build.0 = Debug|Any CPU
		{C2500A02-0321-4E2A-9D02-CC4B30A64853}.Release|Any CPU.ActiveCfg = Release|Any CPU
		{C2500A02-0321-4E2A-9D02-CC4B30A64853}.Release|Any CPU.Build.0 = Release|Any CPU
		{C2500A02-0321-4E2A-9D02-CC4B30A64853}.Release|x64.ActiveCfg = Release|Any CPU
		{C2500A02-0321-4E2A-9D02-CC4B30A64853}.Release|x64.Build.0 = Release|Any CPU
		{C2500A02-0321-4E2A-9D02-CC4B30A64853}.Release|x86.ActiveCfg = Release|Any CPU
		{C2500A02-0321-4E2A-9D02-CC4B30A64853}.Release|x86.Build.0 = Release|Any CPU
		{2353215E-FCA1-4EF0-9402-5CDC05BE0F23}.Debug|Any CPU.ActiveCfg = Debug|Any CPU
		{2353215E-FCA1-4EF0-9402-5CDC05BE0F23}.Debug|Any CPU.Build.0 = Debug|Any CPU
		{2353215E-FCA1-4EF0-9402-5CDC05BE0F23}.Debug|x64.ActiveCfg = Debug|Any CPU
		{2353215E-FCA1-4EF0-9402-5CDC05BE0F23}.Debug|x64.Build.0 = Debug|Any CPU
		{2353215E-FCA1-4EF0-9402-5CDC05BE0F23}.Debug|x86.ActiveCfg = Debug|Any CPU
		{2353215E-FCA1-4EF0-9402-5CDC05BE0F23}.Debug|x86.Build.0 = Debug|Any CPU
		{2353215E-FCA1-4EF0-9402-5CDC05BE0F23}.Release|Any CPU.ActiveCfg = Release|Any CPU
		{2353215E-FCA1-4EF0-9402-5CDC05BE0F23}.Release|Any CPU.Build.0 = Release|Any CPU
		{2353215E-FCA1-4EF0-9402-5CDC05BE0F23}.Release|x64.ActiveCfg = Release|Any CPU
		{2353215E-FCA1-4EF0-9402-5CDC05BE0F23}.Release|x64.Build.0 = Release|Any CPU
		{2353215E-FCA1-4EF0-9402-5CDC05BE0F23}.Release|x86.ActiveCfg = Release|Any CPU
		{2353215E-FCA1-4EF0-9402-5CDC05BE0F23}.Release|x86.Build.0 = Release|Any CPU
		{78342710-E355-41CF-8722-893252A950D5}.Debug|Any CPU.ActiveCfg = Debug|Win32
		{78342710-E355-41CF-8722-893252A950D5}.Debug|x64.ActiveCfg = Debug|x64
		{78342710-E355-41CF-8722-893252A950D5}.Debug|x64.Build.0 = Debug|x64
		{78342710-E355-41CF-8722-893252A950D5}.Debug|x86.ActiveCfg = Debug|Win32
		{78342710-E355-41CF-8722-893252A950D5}.Debug|x86.Build.0 = Debug|Win32
		{78342710-E355-41CF-8722-893252A950D5}.Release|Any CPU.ActiveCfg = Release|Win32
		{78342710-E355-41CF-8722-893252A950D5}.Release|x64.ActiveCfg = Release|x64
		{78342710-E355-41CF-8722-893252A950D5}.Release|x64.Build.0 = Release|x64
		{78342710-E355-41CF-8722-893252A950D5}.Release|x86.ActiveCfg = Release|Win32
		{78342710-E355-41CF-8722-893252A950D5}.Release|x86.Build.0 = Release|Win32
		{4C718E28-0765-43A2-B600-21BEEBE4565B}.Debug|Any CPU.ActiveCfg = Debug|Win32
		{4C718E28-0765-43A2-B600-21BEEBE4565B}.Debug|x64.ActiveCfg = Debug|x64
		{4C718E28-0765-43A2-B600-21BEEBE4565B}.Debug|x64.Build.0 = Debug|x64
		{4C718E28-0765-43A2-B600-21BEEBE4565B}.Debug|x86.ActiveCfg = Debug|Win32
		{4C718E28-0765-43A2-B600-21BEEBE4565B}.Debug|x86.Build.0 = Debug|Win32
		{4C718E28-0765-43A2-B600-21BEEBE4565B}.Release|Any CPU.ActiveCfg = Release|Win32
		{4C718E28-0765-43A2-B600-21BEEBE4565B}.Release|x64.ActiveCfg = Release|x64
		{4C718E28-0765-43A2-B600-21BEEBE4565B}.Release|x64.Build.0 = Release|x64
		{4C718E28-0765-43A2-B600-21BEEBE4565B}.Release|x86.ActiveCfg = Release|Win32
		{4C718E28-0765-43A2-B600-21BEEBE4565B}.Release|x86.Build.0 = Release|Win32
		{BF68FEBB-0F77-4C2D-845D-70BBC105C52C}.Debug|Any CPU.ActiveCfg = Debug|Win32
		{BF68FEBB-0F77-4C2D-845D-70BBC105C52C}.Debug|x64.ActiveCfg = Debug|x64
		{BF68FEBB-0F77-4C2D-845D-70BBC105C52C}.Debug|x64.Build.0 = Debug|x64
		{BF68FEBB-0F77-4C2D-845D-70BBC105C52C}.Debug|x86.ActiveCfg = Debug|Win32
		{BF68FEBB-0F77-4C2D-845D-70BBC105C52C}.Debug|x86.Build.0 = Debug|Win32
		{BF68FEBB-0F77-4C2D-845D-70BBC105C52C}.Release|Any CPU.ActiveCfg = Release|Win32
		{BF68FEBB-0F77-4C2D-845D-70BBC105C52C}.Release|x64.ActiveCfg = Release|x64
		{BF68FEBB-0F77-4C2D-845D-70BBC105C52C}.Release|x64.Build.0 = Release|x64
		{BF68FEBB-0F77-4C2D-845D-70BBC105C52C}.Release|x86.ActiveCfg = Release|Win32
		{BF68FEBB-0F77-4C2D-845D-70BBC105C52C}.Release|x86.Build.0 = Release|Win32
		{30AF625E-54CB-4562-AECE-B4A2410C79C4}.Debug|Any CPU.ActiveCfg = Debug|Win32
		{30AF625E-54CB-4562-AECE-B4A2410C79C4}.Debug|x64.ActiveCfg = Debug|x64
		{30AF625E-54CB-4562-AECE-B4A2410C79C4}.Debug|x64.Build.0 = Debug|x64
		{30AF625E-54CB-4562-AECE-B4A2410C79C4}.Debug|x86.ActiveCfg = Debug|Win32
		{30AF625E-54CB-4562-AECE-B4A2410C79C4}.Debug|x86.Build.0 = Debug|Win32
		{30AF625E-54CB-4562-AECE-B4A2410C79C4}.Release|Any CPU.ActiveCfg = Release|Win32
		{30AF625E-54CB-4562-AECE-B4A2410C79C4}.Release|x64.ActiveCfg = Release|x64
		{30AF625E-54CB-4562-AECE-B4A2410C79C4}.Release|x64.Build.0 = Release|x64
		{30AF625E-54CB-4562-AECE-B4A2410C79C4}.Release|x86.ActiveCfg = Release|Win32
		{30AF625E-54CB-4562-AECE-B4A2410C79C4}.Release|x86.Build.0 = Release|Win32
		{8858A001-1E9E-4AF3-AFD9-6F639F6243CC}.Debug|Any CPU.ActiveCfg = Debug|Win32
		{8858A001-1E9E-4AF3-AFD9-6F639F6243CC}.Debug|x64.ActiveCfg = Debug|x64
		{8858A001-1E9E-4AF3-AFD9-6F639F6243CC}.Debug|x64.Build.0 = Debug|x64
		{8858A001-1E9E-4AF3-AFD9-6F639F6243CC}.Debug|x86.ActiveCfg = Debug|Win32
		{8858A001-1E9E-4AF3-AFD9-6F639F6243CC}.Debug|x86.Build.0 = Debug|Win32
		{8858A001-1E9E-4AF3-AFD9-6F639F6243CC}.Release|Any CPU.ActiveCfg = Release|Win32
		{8858A001-1E9E-4AF3-AFD9-6F639F6243CC}.Release|x64.ActiveCfg = Release|x64
		{8858A001-1E9E-4AF3-AFD9-6F639F6243CC}.Release|x64.Build.0 = Release|x64
		{8858A001-1E9E-4AF3-AFD9-6F639F6243CC}.Release|x86.ActiveCfg = Release|Win32
		{8858A001-1E9E-4AF3-AFD9-6F639F6243CC}.Release|x86.Build.0 = Release|Win32
		{C4424DEA-6215-40A2-BDAC-C0C12D4EAB92}.Debug|Any CPU.ActiveCfg = Debug|Win32
		{C4424DEA-6215-40A2-BDAC-C0C12D4EAB92}.Debug|x64.ActiveCfg = Debug|x64
		{C4424DEA-6215-40A2-BDAC-C0C12D4EAB92}.Debug|x64.Build.0 = Debug|x64
		{C4424DEA-6215-40A2-BDAC-C0C12D4EAB92}.Debug|x86.ActiveCfg = Debug|Win32
		{C4424DEA-6215-40A2-BDAC-C0C12D4EAB92}.Debug|x86.Build.0 = Debug|Win32
		{C4424DEA-6215-40A2-BDAC-C0C12D4EAB92}.Release|Any CPU.ActiveCfg = Release|Win32
		{C4424DEA-6215-40A2-BDAC-C0C12D4EAB92}.Release|x64.ActiveCfg = Release|x64
		{C4424DEA-6215-40A2-BDAC-C0C12D4EAB92}.Release|x64.Build.0 = Release|x64
		{C4424DEA-6215-40A2-BDAC-C0C12D4EAB92}.Release|x86.ActiveCfg = Release|Win32
		{C4424DEA-6215-40A2-BDAC-C0C12D4EAB92}.Release|x86.Build.0 = Release|Win32
		{F0010A9C-469A-4C5F-B0CE-0E5151E97049}.Debug|Any CPU.ActiveCfg = Debug|Win32
		{F0010A9C-469A-4C5F-B0CE-0E5151E97049}.Debug|x64.ActiveCfg = Debug|x64
		{F0010A9C-469A-4C5F-B0CE-0E5151E97049}.Debug|x64.Build.0 = Debug|x64
		{F0010A9C-469A-4C5F-B0CE-0E5151E97049}.Debug|x86.ActiveCfg = Debug|Win32
		{F0010A9C-469A-4C5F-B0CE-0E5151E97049}.Debug|x86.Build.0 = Debug|Win32
		{F0010A9C-469A-4C5F-B0CE-0E5151E97049}.Release|Any CPU.ActiveCfg = Release|Win32
		{F0010A9C-469A-4C5F-B0CE-0E5151E97049}.Release|x64.ActiveCfg = Release|x64
		{F0010A9C-469A-4C5F-B0CE-0E5151E97049}.Release|x64.Build.0 = Release|x64
		{F0010A9C-469A-4C5F-B0CE-0E5151E97049}.Release|x86.ActiveCfg = Release|Win32
		{F0010A9C-469A-4C5F-B0CE-0E5151E97049}.Release|x86.Build.0 = Release|Win32
		{BA6989CF-5566-4509-A715-B944B387E980}.Debug|Any CPU.ActiveCfg = Debug|Win32
		{BA6989CF-5566-4509-A715-B944B387E980}.Debug|x64.ActiveCfg = Debug|x64
		{BA6989CF-5566-4509-A715-B944B387E980}.Debug|x64.Build.0 = Debug|x64
		{BA6989CF-5566-4509-A715-B944B387E980}.Debug|x86.ActiveCfg = Debug|Win32
		{BA6989CF-5566-4509-A715-B944B387E980}.Debug|x86.Build.0 = Debug|Win32
		{BA6989CF-5566-4509-A715-B944B387E980}.Release|Any CPU.ActiveCfg = Release|Win32
		{BA6989CF-5566-4509-A715-B944B387E980}.Release|x64.ActiveCfg = Release|x64
		{BA6989CF-5566-4509-A715-B944B387E980}.Release|x64.Build.0 = Release|x64
		{BA6989CF-5566-4509-A715-B944B387E980}.Release|x86.ActiveCfg = Release|Win32
		{BA6989CF-5566-4509-A715-B944B387E980}.Release|x86.Build.0 = Release|Win32
		{F138563F-38EC-40CC-8888-DB673C40CD0A}.Debug|Any CPU.ActiveCfg = Debug|Win32
		{F138563F-38EC-40CC-8888-DB673C40CD0A}.Debug|x64.ActiveCfg = Debug|x64
		{F138563F-38EC-40CC-8888-DB673C40CD0A}.Debug|x64.Build.0 = Debug|x64
		{F138563F-38EC-40CC-8888-DB673C40CD0A}.Debug|x86.ActiveCfg = Debug|Win32
		{F138563F-38EC-40CC-8888-DB673C40CD0A}.Debug|x86.Build.0 = Debug|Win32
		{F138563F-38EC-40CC-8888-DB673C40CD0A}.Release|Any CPU.ActiveCfg = Release|Win32
		{F138563F-38EC-40CC-8888-DB673C40CD0A}.Release|x64.ActiveCfg = Release|x64
		{F138563F-38EC-40CC-8888-DB673C40CD0A}.Release|x64.Build.0 = Release|x64
		{F138563F-38EC-40CC-8888-DB673C40CD0A}.Release|x86.ActiveCfg = Release|Win32
		{F138563F-38EC-40CC-8888-DB673C40CD0A}.Release|x86.Build.0 = Release|Win32
		{3BD0D740-40ED-4468-82A9-7E60A59ECE19}.Debug|Any CPU.ActiveCfg = Debug|Win32
		{3BD0D740-40ED-4468-82A9-7E60A59ECE19}.Debug|x64.ActiveCfg = Debug|x64
		{3BD0D740-40ED-4468-82A9-7E60A59ECE19}.Debug|x64.Build.0 = Debug|x64
		{3BD0D740-40ED-4468-82A9-7E60A59ECE19}.Debug|x86.ActiveCfg = Debug|Win32
		{3BD0D740-40ED-4468-82A9-7E60A59ECE19}.Debug|x86.Build.0 = Debug|Win32
		{3BD0D740-40ED-4468-82A9-7E60A59ECE19}.Release|Any CPU.ActiveCfg = Release|Win32
		{3BD0D740-40ED-4468-82A9-7E60A59ECE19}.Release|x64.ActiveCfg = Release|x64
		{3BD0D740-40ED-4468-82A9-7E60A59ECE19}.Release|x64.Build.0 = Release|x64
		{3BD0D740-40ED-4468-82A9-7E60A59ECE19}.Release|x86.ActiveCfg = Release|Win32
		{3BD0D740-40ED-4468-82A9-7E60A59ECE19}.Release|x86.Build.0 = Release|Win32
		{B0CE55F0-8016-4F43-8FE7-268701B1D6F1}.Debug|Any CPU.ActiveCfg = Debug|Win32
		{B0CE55F0-8016-4F43-8FE7-268701B1D6F1}.Debug|x64.ActiveCfg = Debug|x64
		{B0CE55F0-8016-4F43-8FE7-268701B1D6F1}.Debug|x64.Build.0 = Debug|x64
		{B0CE55F0-8016-4F43-8FE7-268701B1D6F1}.Debug|x86.ActiveCfg = Debug|Win32
		{B0CE55F0-8016-4F43-8FE7-268701B1D6F1}.Debug|x86.Build.0 = Debug|Win32
		{B0CE55F0-8016-4F43-8FE7-268701B1D6F1}.Release|Any CPU.ActiveCfg = Release|Win32
		{B0CE55F0-8016-4F43-8FE7-268701B1D6F1}.Release|x64.ActiveCfg = Release|x64
		{B0CE55F0-8016-4F43-8FE7-268701B1D6F1}.Release|x64.Build.0 = Release|x64
		{B0CE55F0-8016-4F43-8FE7-268701B1D6F1}.Release|x86.ActiveCfg = Release|Win32
		{B0CE55F0-8016-4F43-8FE7-268701B1D6F1}.Release|x86.Build.0 = Release|Win32
		{3F7599BF-15F8-4F2B-9BF2-DF8D31FCD2ED}.Debug|Any CPU.ActiveCfg = Debug|Win32
		{3F7599BF-15F8-4F2B-9BF2-DF8D31FCD2ED}.Debug|x64.ActiveCfg = Debug|x64
		{3F7599BF-15F8-4F2B-9BF2-DF8D31FCD2ED}.Debug|x64.Build.0 = Debug|x64
		{3F7599BF-15F8-4F2B-9BF2-DF8D31FCD2ED}.Debug|x86.ActiveCfg = Debug|Win32
		{3F7599BF-15F8-4F2B-9BF2-DF8D31FCD2ED}.Debug|x86.Build.0 = Debug|Win32
		{3F7599BF-15F8-4F2B-9BF2-DF8D31FCD2ED}.Release|Any CPU.ActiveCfg = Release|Win32
		{3F7599BF-15F8-4F2B-9BF2-DF8D31FCD2ED}.Release|x64.ActiveCfg = Release|x64
		{3F7599BF-15F8-4F2B-9BF2-DF8D31FCD2ED}.Release|x64.Build.0 = Release|x64
		{3F7599BF-15F8-4F2B-9BF2-DF8D31FCD2ED}.Release|x86.ActiveCfg = Release|Win32
		{3F7599BF-15F8-4F2B-9BF2-DF8D31FCD2ED}.Release|x86.Build.0 = Release|Win32
	EndGlobalSection
	GlobalSection(SolutionProperties) = preSolution
		HideSolutionNode = FALSE
	EndGlobalSection
	GlobalSection(NestedProjects) = preSolution
		{78342710-E355-41CF-8722-893252A950D5} = {77B1656D-B1D8-431E-A9AA-FBBF91DA8768}
		{4C718E28-0765-43A2-B600-21BEEBE4565B} = {77B1656D-B1D8-431E-A9AA-FBBF91DA8768}
		{BF68FEBB-0F77-4C2D-845D-70BBC105C52C} = {77B1656D-B1D8-431E-A9AA-FBBF91DA8768}
		{30AF625E-54CB-4562-AECE-B4A2410C79C4} = {77B1656D-B1D8-431E-A9AA-FBBF91DA8768}
		{8858A001-1E9E-4AF3-AFD9-6F639F6243CC} = {73BD1615-631B-46ED-AC74-DAB4D305D0FD}
		{C4424DEA-6215-40A2-BDAC-C0C12D4EAB92} = {73BD1615-631B-46ED-AC74-DAB4D305D0FD}
		{F0010A9C-469A-4C5F-B0CE-0E5151E97049} = {73BD1615-631B-46ED-AC74-DAB4D305D0FD}
		{BA6989CF-5566-4509-A715-B944B387E980} = {77B1656D-B1D8-431E-A9AA-FBBF91DA8768}
		{F138563F-38EC-40CC-8888-DB673C40CD0A} = {77B1656D-B1D8-431E-A9AA-FBBF91DA8768}
		{3BD0D740-40ED-4468-82A9-7E60A59ECE19} = {73BD1615-631B-46ED-AC74-DAB4D305D0FD}
		{B0CE55F0-8016-4F43-8FE7-268701B1D6F1} = {77B1656D-B1D8-431E-A9AA-FBBF91DA8768}
		{3F7599BF-15F8-4F2B-9BF2-DF8D31FCD2ED} = {73BD1615-631B-46ED-AC74-DAB4D305D0FD}
	EndGlobalSection
EndGlobal
